
Microsoft Visual Studio Solution File, Format Version 12.00
# Visual Studio Version 16
VisualStudioVersion = 16.0.32106.194
MinimumVisualStudioVersion = 10.0.40219.1
Project("{FAE04EC0-301F-11D3-BF4B-00C04F79EFBC}") = "Liblary", "Liblary.csproj", "{CF7E1189-336A-4630-977F-4C929303201E}"
EndProject
Global
	GlobalSection(SolutionConfigurationPlatforms) = preSolution
		Debug|Any CPU = Debug|Any CPU
		Release|Any CPU = Release|Any CPU
	EndGlobalSection
	GlobalSection(ProjectConfigurationPlatforms) = postSolution
		{CF7E1189-336A-4630-977F-4C929303201E}.Debug|Any CPU.ActiveCfg = Debug|Any CPU
		{CF7E1189-336A-4630-977F-4C929303201E}.Debug|Any CPU.Build.0 = Debug|Any CPU
		{CF7E1189-336A-4630-977F-4C929303201E}.Release|Any CPU.ActiveCfg = Release|Any CPU
		{CF7E1189-336A-4630-977F-4C929303201E}.Release|Any CPU.Build.0 = Release|Any CPU
	EndGlobalSection
	GlobalSection(SolutionProperties) = preSolution
		HideSolutionNode = FALSE
	EndGlobalSection
	GlobalSection(ExtensibilityGlobals) = postSolution
		SolutionGuid = {418E0F30-D00C-4D18-8E1E-CE9CC6DE2559}
	EndGlobalSection
EndGlobal
